
Microsoft Visual Studio Solution File, Format Version 12.00
# Visual Studio Version 17
VisualStudioVersion = 17.14.36518.9
MinimumVisualStudioVersion = 10.0.40219.1
Project("{FAE04EC0-301F-11D3-BF4B-00C04F79EFBC}") = "Ejercicio1", "Tema4WindowsForms\Ejercicio1.csproj", "{4F815A7B-15FD-4B29-9CCC-00FB63314F60}"
EndProject
Project("{FAE04EC0-301F-11D3-BF4B-00C04F79EFBC}") = "Ejercicio2", "Ejercicio2\Ejercicio2.csproj", "{813C2908-D8DD-460D-9597-3FDC2D06225F}"
EndProject
Global
	GlobalSection(SolutionConfigurationPlatforms) = preSolution
		Debug|Any CPU = Debug|Any CPU
		Release|Any CPU = Release|Any CPU
	EndGlobalSection
	GlobalSection(ProjectConfigurationPlatforms) = postSolution
		{4F815A7B-15FD-4B29-9CCC-00FB63314F60}.Debug|Any CPU.ActiveCfg = Debug|Any CPU
		{4F815A7B-15FD-4B29-9CCC-00FB63314F60}.Debug|Any CPU.Build.0 = Debug|Any CPU
		{4F815A7B-15FD-4B29-9CCC-00FB63314F60}.Release|Any CPU.ActiveCfg = Release|Any CPU
		{4F815A7B-15FD-4B29-9CCC-00FB63314F60}.Release|Any CPU.Build.0 = Release|Any CPU
		{813C2908-D8DD-460D-9597-3FDC2D06225F}.Debug|Any CPU.ActiveCfg = Debug|Any CPU
		{813C2908-D8DD-460D-9597-3FDC2D06225F}.Debug|Any CPU.Build.0 = Debug|Any CPU
		{813C2908-D8DD-460D-9597-3FDC2D06225F}.Release|Any CPU.ActiveCfg = Release|Any CPU
		{813C2908-D8DD-460D-9597-3FDC2D06225F}.Release|Any CPU.Build.0 = Release|Any CPU
	EndGlobalSection
	GlobalSection(SolutionProperties) = preSolution
		HideSolutionNode = FALSE
	EndGlobalSection
	GlobalSection(ExtensibilityGlobals) = postSolution
		SolutionGuid = {494F9D02-B52E-4EDB-8941-DF8FA2317D22}
	EndGlobalSection
EndGlobal
