
Microsoft Visual Studio Solution File, Format Version 12.00
# Visual Studio Version 17
VisualStudioVersion = 17.14.36429.23
MinimumVisualStudioVersion = 10.0.40219.1
Project("{FAE04EC0-301F-11D3-BF4B-00C04F79EFBC}") = "Ejercicio1", "Ejercicio1\Ejercicio1.csproj", "{B6A5BAA0-CF68-44FE-90B5-9899710413A4}"
EndProject
Project("{FAE04EC0-301F-11D3-BF4B-00C04F79EFBC}") = "Ejercicio2", "Ejercicio2\Ejercicio2.csproj", "{4C79CF8F-414E-48FA-A0A5-9C39A2A82961}"
EndProject
Project("{FAE04EC0-301F-11D3-BF4B-00C04F79EFBC}") = "Ejercicio3", "Ejercicio3\Ejercicio3.csproj", "{D3101D1D-398B-4EC3-AD36-CBD73F9ECC40}"
EndProject
Project("{FAE04EC0-301F-11D3-BF4B-00C04F79EFBC}") = "Ejercicio4", "Ejercicio4\Ejercicio4.csproj", "{3465CE17-B9D1-43A1-AE0A-7FD537F12FAC}"
EndProject
Project("{FAE04EC0-301F-11D3-BF4B-00C04F79EFBC}") = "Ejercicio5", "Ejercicio5\Ejercicio5.csproj", "{120A7CDA-B6A0-49ED-9C21-86DDE095774D}"
EndProject
Project("{FAE04EC0-301F-11D3-BF4B-00C04F79EFBC}") = "Ejercicio6", "Ejercicio6\Ejercicio6.csproj", "{7F0B3673-D683-49AF-BD4A-706B394B1A9A}"
EndProject
Project("{FAE04EC0-301F-11D3-BF4B-00C04F79EFBC}") = "Ejercicio7", "Ejercicio7\Ejercicio7.csproj", "{369AA214-52F2-4F0E-A5B8-37131E4624DA}"
EndProject
Global
	GlobalSection(SolutionConfigurationPlatforms) = preSolution
		Debug|Any CPU = Debug|Any CPU
		Release|Any CPU = Release|Any CPU
	EndGlobalSection
	GlobalSection(ProjectConfigurationPlatforms) = postSolution
		{B6A5BAA0-CF68-44FE-90B5-9899710413A4}.Debug|Any CPU.ActiveCfg = Debug|Any CPU
		{B6A5BAA0-CF68-44FE-90B5-9899710413A4}.Debug|Any CPU.Build.0 = Debug|Any CPU
		{B6A5BAA0-CF68-44FE-90B5-9899710413A4}.Release|Any CPU.ActiveCfg = Release|Any CPU
		{B6A5BAA0-CF68-44FE-90B5-9899710413A4}.Release|Any CPU.Build.0 = Release|Any CPU
		{4C79CF8F-414E-48FA-A0A5-9C39A2A82961}.Debug|Any CPU.ActiveCfg = Debug|Any CPU
		{4C79CF8F-414E-48FA-A0A5-9C39A2A82961}.Debug|Any CPU.Build.0 = Debug|Any CPU
		{4C79CF8F-414E-48FA-A0A5-9C39A2A82961}.Release|Any CPU.ActiveCfg = Release|Any CPU
		{4C79CF8F-414E-48FA-A0A5-9C39A2A82961}.Release|Any CPU.Build.0 = Release|Any CPU
		{D3101D1D-398B-4EC3-AD36-CBD73F9ECC40}.Debug|Any CPU.ActiveCfg = Debug|Any CPU
		{D3101D1D-398B-4EC3-AD36-CBD73F9ECC40}.Debug|Any CPU.Build.0 = Debug|Any CPU
		{D3101D1D-398B-4EC3-AD36-CBD73F9ECC40}.Release|Any CPU.ActiveCfg = Release|Any CPU
		{D3101D1D-398B-4EC3-AD36-CBD73F9ECC40}.Release|Any CPU.Build.0 = Release|Any CPU
		{3465CE17-B9D1-43A1-AE0A-7FD537F12FAC}.Debug|Any CPU.ActiveCfg = Debug|Any CPU
		{3465CE17-B9D1-43A1-AE0A-7FD537F12FAC}.Debug|Any CPU.Build.0 = Debug|Any CPU
		{3465CE17-B9D1-43A1-AE0A-7FD537F12FAC}.Release|Any CPU.ActiveCfg = Release|Any CPU
		{3465CE17-B9D1-43A1-AE0A-7FD537F12FAC}.Release|Any CPU.Build.0 = Release|Any CPU
		{120A7CDA-B6A0-49ED-9C21-86DDE095774D}.Debug|Any CPU.ActiveCfg = Debug|Any CPU
		{120A7CDA-B6A0-49ED-9C21-86DDE095774D}.Debug|Any CPU.Build.0 = Debug|Any CPU
		{120A7CDA-B6A0-49ED-9C21-86DDE095774D}.Release|Any CPU.ActiveCfg = Release|Any CPU
		{120A7CDA-B6A0-49ED-9C21-86DDE095774D}.Release|Any CPU.Build.0 = Release|Any CPU
		{7F0B3673-D683-49AF-BD4A-706B394B1A9A}.Debug|Any CPU.ActiveCfg = Debug|Any CPU
		{7F0B3673-D683-49AF-BD4A-706B394B1A9A}.Debug|Any CPU.Build.0 = Debug|Any CPU
		{7F0B3673-D683-49AF-BD4A-706B394B1A9A}.Release|Any CPU.ActiveCfg = Release|Any CPU
		{7F0B3673-D683-49AF-BD4A-706B394B1A9A}.Release|Any CPU.Build.0 = Release|Any CPU
		{369AA214-52F2-4F0E-A5B8-37131E4624DA}.Debug|Any CPU.ActiveCfg = Debug|Any CPU
		{369AA214-52F2-4F0E-A5B8-37131E4624DA}.Debug|Any CPU.Build.0 = Debug|Any CPU
		{369AA214-52F2-4F0E-A5B8-37131E4624DA}.Release|Any CPU.ActiveCfg = Release|Any CPU
		{369AA214-52F2-4F0E-A5B8-37131E4624DA}.Release|Any CPU.Build.0 = Release|Any CPU
	EndGlobalSection
	GlobalSection(SolutionProperties) = preSolution
		HideSolutionNode = FALSE
	EndGlobalSection
	GlobalSection(ExtensibilityGlobals) = postSolution
		SolutionGuid = {12B4B809-E289-4D9D-A47C-A1DDFF0EB3FF}
	EndGlobalSection
EndGlobal
